// !$*UTF8*$!
{
	archiveVersion = 1;
	classes = {
	};
	objectVersion = 46;
	objects = {

/* Begin PBXBuildFile section */
		86E2AE7F190796A90050DF8B /* Foundation.framework in Frameworks */ = {isa = PBXBuildFile; fileRef = 86E2AE7E190796A90050DF8B /* Foundation.framework */; };
		86E2AE81190796A90050DF8B /* CoreGraphics.framework in Frameworks */ = {isa = PBXBuildFile; fileRef = 86E2AE80190796A90050DF8B /* CoreGraphics.framework */; };
		86E2AE83190796A90050DF8B /* UIKit.framework in Frameworks */ = {isa = PBXBuildFile; fileRef = 86E2AE82190796A90050DF8B /* UIKit.framework */; };
		86E2AE89190796A90050DF8B /* InfoPlist.strings in Resources */ = {isa = PBXBuildFile; fileRef = 86E2AE87190796A90050DF8B /* InfoPlist.strings */; };
		86E2AE8B190796A90050DF8B /* main.m in Sources */ = {isa = PBXBuildFile; fileRef = 86E2AE8A190796A90050DF8B /* main.m */; };
		86E2AE8F190796A90050DF8B /* GSKAppDelegate.m in Sources */ = {isa = PBXBuildFile; fileRef = 86E2AE8E190796A90050DF8B /* GSKAppDelegate.m */; };
		86E2AE92190796AA0050DF8B /* Main.storyboard in Resources */ = {isa = PBXBuildFile; fileRef = 86E2AE90190796AA0050DF8B /* Main.storyboard */; };
		86E2AE95190796AA0050DF8B /* GSKMasterViewController.m in Sources */ = {isa = PBXBuildFile; fileRef = 86E2AE94190796AA0050DF8B /* GSKMasterViewController.m */; };
		86E2AE9A190796AA0050DF8B /* Images.xcassets in Resources */ = {isa = PBXBuildFile; fileRef = 86E2AE99190796AA0050DF8B /* Images.xcassets */; };
		86E2AEA1190796AA0050DF8B /* XCTest.framework in Frameworks */ = {isa = PBXBuildFile; fileRef = 86E2AEA0190796AA0050DF8B /* XCTest.framework */; };
		86E2AEA2190796AA0050DF8B /* Foundation.framework in Frameworks */ = {isa = PBXBuildFile; fileRef = 86E2AE7E190796A90050DF8B /* Foundation.framework */; };
		86E2AEA3190796AA0050DF8B /* UIKit.framework in Frameworks */ = {isa = PBXBuildFile; fileRef = 86E2AE82190796A90050DF8B /* UIKit.framework */; };
		86E2AEAB190796AA0050DF8B /* InfoPlist.strings in Resources */ = {isa = PBXBuildFile; fileRef = 86E2AEA9190796AA0050DF8B /* InfoPlist.strings */; };
		86E2AEAD190796AA0050DF8B /* sectionBackgroundTests.m in Sources */ = {isa = PBXBuildFile; fileRef = 86E2AEAC190796AA0050DF8B /* sectionBackgroundTests.m */; };
		86E2AEB819079C6B0050DF8B /* GSKCell.m in Sources */ = {isa = PBXBuildFile; fileRef = 86E2AEB719079C6B0050DF8B /* GSKCell.m */; };
		86E2AEBB19079C880050DF8B /* GSKSectionBackgroundFlowLayout.m in Sources */ = {isa = PBXBuildFile; fileRef = 86E2AEBA19079C880050DF8B /* GSKSectionBackgroundFlowLayout.m */; };
		86E2AEBE19079CD60050DF8B /* GSKSectionBackground.m in Sources */ = {isa = PBXBuildFile; fileRef = 86E2AEBD19079CD60050DF8B /* GSKSectionBackground.m */; };
/* End PBXBuildFile section */

/* Begin PBXContainerItemProxy section */
		86E2AEA4190796AA0050DF8B /* PBXContainerItemProxy */ = {
			isa = PBXContainerItemProxy;
			containerPortal = 86E2AE73190796A90050DF8B /* Project object */;
			proxyType = 1;
			remoteGlobalIDString = 86E2AE7A190796A90050DF8B;
			remoteInfo = sectionBackground;
		};
/* End PBXContainerItemProxy section */

/* Begin PBXFileReference section */
		86E2AE7B190796A90050DF8B /* sectionBackground.app */ = {isa = PBXFileReference; explicitFileType = wrapper.application; includeInIndex = 0; path = sectionBackground.app; sourceTree = BUILT_PRODUCTS_DIR; };
		86E2AE7E190796A90050DF8B /* Foundation.framework */ = {isa = PBXFileReference; lastKnownFileType = wrapper.framework; name = Foundation.framework; path = System/Library/Frameworks/Foundation.framework; sourceTree = SDKROOT; };
		86E2AE80190796A90050DF8B /* CoreGraphics.framework */ = {isa = PBXFileReference; lastKnownFileType = wrapper.framework; name = CoreGraphics.framework; path = System/Library/Frameworks/CoreGraphics.framework; sourceTree = SDKROOT; };
		86E2AE82190796A90050DF8B /* UIKit.framework */ = {isa = PBXFileReference; lastKnownFileType = wrapper.framework; name = UIKit.framework; path = System/Library/Frameworks/UIKit.framework; sourceTree = SDKROOT; };
		86E2AE86190796A90050DF8B /* sectionBackground-Info.plist */ = {isa = PBXFileReference; lastKnownFileType = text.plist.xml; path = "sectionBackground-Info.plist"; sourceTree = "<group>"; };
		86E2AE88190796A90050DF8B /* en */ = {isa = PBXFileReference; lastKnownFileType = text.plist.strings; name = en; path = en.lproj/InfoPlist.strings; sourceTree = "<group>"; };
		86E2AE8A190796A90050DF8B /* main.m */ = {isa = PBXFileReference; lastKnownFileType = sourcecode.c.objc; path = main.m; sourceTree = "<group>"; };
		86E2AE8C190796A90050DF8B /* sectionBackground-Prefix.pch */ = {isa = PBXFileReference; lastKnownFileType = sourcecode.c.h; path = "sectionBackground-Prefix.pch"; sourceTree = "<group>"; };
		86E2AE8D190796A90050DF8B /* GSKAppDelegate.h */ = {isa = PBXFileReference; lastKnownFileType = sourcecode.c.h; path = GSKAppDelegate.h; sourceTree = "<group>"; };
		86E2AE8E190796A90050DF8B /* GSKAppDelegate.m */ = {isa = PBXFileReference; lastKnownFileType = sourcecode.c.objc; path = GSKAppDelegate.m; sourceTree = "<group>"; };
		86E2AE91190796AA0050DF8B /* Base */ = {isa = PBXFileReference; lastKnownFileType = file.storyboard; name = Base; path = Base.lproj/Main.storyboard; sourceTree = "<group>"; };
		86E2AE93190796AA0050DF8B /* GSKMasterViewController.h */ = {isa = PBXFileReference; lastKnownFileType = sourcecode.c.h; path = GSKMasterViewController.h; sourceTree = "<group>"; };
		86E2AE94190796AA0050DF8B /* GSKMasterViewController.m */ = {isa = PBXFileReference; lastKnownFileType = sourcecode.c.objc; path = GSKMasterViewController.m; sourceTree = "<group>"; };
		86E2AE99190796AA0050DF8B /* Images.xcassets */ = {isa = PBXFileReference; lastKnownFileType = folder.assetcatalog; path = Images.xcassets; sourceTree = "<group>"; };
		86E2AE9F190796AA0050DF8B /* sectionBackgroundTests.xctest */ = {isa = PBXFileReference; explicitFileType = wrapper.cfbundle; includeInIndex = 0; path = sectionBackgroundTests.xctest; sourceTree = BUILT_PRODUCTS_DIR; };
		86E2AEA0190796AA0050DF8B /* XCTest.framework */ = {isa = PBXFileReference; lastKnownFileType = wrapper.framework; name = XCTest.framework; path = Library/Frameworks/XCTest.framework; sourceTree = DEVELOPER_DIR; };
		86E2AEA8190796AA0050DF8B /* sectionBackgroundTests-Info.plist */ = {isa = PBXFileReference; lastKnownFileType = text.plist.xml; path = "sectionBackgroundTests-Info.plist"; sourceTree = "<group>"; };
		86E2AEAA190796AA0050DF8B /* en */ = {isa = PBXFileReference; lastKnownFileType = text.plist.strings; name = en; path = en.lproj/InfoPlist.strings; sourceTree = "<group>"; };
		86E2AEAC190796AA0050DF8B /* sectionBackgroundTests.m */ = {isa = PBXFileReference; lastKnownFileType = sourcecode.c.objc; path = sectionBackgroundTests.m; sourceTree = "<group>"; };
		86E2AEB619079C6B0050DF8B /* GSKCell.h */ = {isa = PBXFileReference; fileEncoding = 4; lastKnownFileType = sourcecode.c.h; path = GSKCell.h; sourceTree = "<group>"; };
		86E2AEB719079C6B0050DF8B /* GSKCell.m */ = {isa = PBXFileReference; fileEncoding = 4; lastKnownFileType = sourcecode.c.objc; path = GSKCell.m; sourceTree = "<group>"; };
		86E2AEB919079C880050DF8B /* GSKSectionBackgroundFlowLayout.h */ = {isa = PBXFileReference; fileEncoding = 4; lastKnownFileType = sourcecode.c.h; path = GSKSectionBackgroundFlowLayout.h; sourceTree = "<group>"; };
		86E2AEBA19079C880050DF8B /* GSKSectionBackgroundFlowLayout.m */ = {isa = PBXFileReference; fileEncoding = 4; lastKnownFileType = sourcecode.c.objc; path = GSKSectionBackgroundFlowLayout.m; sourceTree = "<group>"; };
		86E2AEBC19079CD60050DF8B /* GSKSectionBackground.h */ = {isa = PBXFileReference; fileEncoding = 4; lastKnownFileType = sourcecode.c.h; path = GSKSectionBackground.h; sourceTree = "<group>"; };
		86E2AEBD19079CD60050DF8B /* GSKSectionBackground.m */ = {isa = PBXFileReference; fileEncoding = 4; lastKnownFileType = sourcecode.c.objc; path = GSKSectionBackground.m; sourceTree = "<group>"; };
/* End PBXFileReference section */

/* Begin PBXFrameworksBuildPhase section */
		86E2AE78190796A90050DF8B /* Frameworks */ = {
			isa = PBXFrameworksBuildPhase;
			buildActionMask = 2147483647;
			files = (
				86E2AE81190796A90050DF8B /* CoreGraphics.framework in Frameworks */,
				86E2AE83190796A90050DF8B /* UIKit.framework in Frameworks */,
				86E2AE7F190796A90050DF8B /* Foundation.framework in Frameworks */,
			);
			runOnlyForDeploymentPostprocessing = 0;
		};
		86E2AE9C190796AA0050DF8B /* Frameworks */ = {
			isa = PBXFrameworksBuildPhase;
			buildActionMask = 2147483647;
			files = (
				86E2AEA1190796AA0050DF8B /* XCTest.framework in Frameworks */,
				86E2AEA3190796AA0050DF8B /* UIKit.framework in Frameworks */,
				86E2AEA2190796AA0050DF8B /* Foundation.framework in Frameworks */,
			);
			runOnlyForDeploymentPostprocessing = 0;
		};
/* End PBXFrameworksBuildPhase section */

/* Begin PBXGroup section */
		86E2AE72190796A90050DF8B = {
			isa = PBXGroup;
			children = (
				86E2AE84190796A90050DF8B /* sectionBackground */,
				86E2AEA6190796AA0050DF8B /* sectionBackgroundTests */,
				86E2AE7D190796A90050DF8B /* Frameworks */,
				86E2AE7C190796A90050DF8B /* Products */,
			);
			sourceTree = "<group>";
		};
		86E2AE7C190796A90050DF8B /* Products */ = {
			isa = PBXGroup;
			children = (
				86E2AE7B190796A90050DF8B /* sectionBackground.app */,
				86E2AE9F190796AA0050DF8B /* sectionBackgroundTests.xctest */,
			);
			name = Products;
			sourceTree = "<group>";
		};
		86E2AE7D190796A90050DF8B /* Frameworks */ = {
			isa = PBXGroup;
			children = (
				86E2AE7E190796A90050DF8B /* Foundation.framework */,
				86E2AE80190796A90050DF8B /* CoreGraphics.framework */,
				86E2AE82190796A90050DF8B /* UIKit.framework */,
				86E2AEA0190796AA0050DF8B /* XCTest.framework */,
			);
			name = Frameworks;
			sourceTree = "<group>";
		};
		86E2AE84190796A90050DF8B /* sectionBackground */ = {
			isa = PBXGroup;
			children = (
				86E2AE8D190796A90050DF8B /* GSKAppDelegate.h */,
				86E2AE8E190796A90050DF8B /* GSKAppDelegate.m */,
				86E2AE90190796AA0050DF8B /* Main.storyboard */,
				86E2AE93190796AA0050DF8B /* GSKMasterViewController.h */,
				86E2AE94190796AA0050DF8B /* GSKMasterViewController.m */,
				86E2AE99190796AA0050DF8B /* Images.xcassets */,
				86E2AE85190796A90050DF8B /* Supporting Files */,
				86E2AEB619079C6B0050DF8B /* GSKCell.h */,
				86E2AEB719079C6B0050DF8B /* GSKCell.m */,
				86E2AEB919079C880050DF8B /* GSKSectionBackgroundFlowLayout.h */,
				86E2AEBA19079C880050DF8B /* GSKSectionBackgroundFlowLayout.m */,
				86E2AEBC19079CD60050DF8B /* GSKSectionBackground.h */,
				86E2AEBD19079CD60050DF8B /* GSKSectionBackground.m */,
			);
			path = sectionBackground;
			sourceTree = "<group>";
		};
		86E2AE85190796A90050DF8B /* Supporting Files */ = {
			isa = PBXGroup;
			children = (
				86E2AE86190796A90050DF8B /* sectionBackground-Info.plist */,
				86E2AE87190796A90050DF8B /* InfoPlist.strings */,
				86E2AE8A190796A90050DF8B /* main.m */,
				86E2AE8C190796A90050DF8B /* sectionBackground-Prefix.pch */,
			);
			name = "Supporting Files";
			sourceTree = "<group>";
		};
		86E2AEA6190796AA0050DF8B /* sectionBackgroundTests */ = {
			isa = PBXGroup;
			children = (
				86E2AEAC190796AA0050DF8B /* sectionBackgroundTests.m */,
				86E2AEA7190796AA0050DF8B /* Supporting Files */,
			);
			path = sectionBackgroundTests;
			sourceTree = "<group>";
		};
		86E2AEA7190796AA0050DF8B /* Supporting Files */ = {
			isa = PBXGroup;
			children = (
				86E2AEA8190796AA0050DF8B /* sectionBackgroundTests-Info.plist */,
				86E2AEA9190796AA0050DF8B /* InfoPlist.strings */,
			);
			name = "Supporting Files";
			sourceTree = "<group>";
		};
/* End PBXGroup section */

/* Begin PBXNativeTarget section */
		86E2AE7A190796A90050DF8B /* sectionBackground */ = {
			isa = PBXNativeTarget;
			buildConfigurationList = 86E2AEB0190796AA0050DF8B /* Build configuration list for PBXNativeTarget "sectionBackground" */;
			buildPhases = (
				86E2AE77190796A90050DF8B /* Sources */,
				86E2AE78190796A90050DF8B /* Frameworks */,
				86E2AE79190796A90050DF8B /* Resources */,
			);
			buildRules = (
			);
			dependencies = (
			);
			name = sectionBackground;
			productName = sectionBackground;
			productReference = 86E2AE7B190796A90050DF8B /* sectionBackground.app */;
			productType = "com.apple.product-type.application";
		};
		86E2AE9E190796AA0050DF8B /* sectionBackgroundTests */ = {
			isa = PBXNativeTarget;
			buildConfigurationList = 86E2AEB3190796AA0050DF8B /* Build configuration list for PBXNativeTarget "sectionBackgroundTests" */;
			buildPhases = (
				86E2AE9B190796AA0050DF8B /* Sources */,
				86E2AE9C190796AA0050DF8B /* Frameworks */,
				86E2AE9D190796AA0050DF8B /* Resources */,
			);
			buildRules = (
			);
			dependencies = (
				86E2AEA5190796AA0050DF8B /* PBXTargetDependency */,
			);
			name = sectionBackgroundTests;
			productName = sectionBackgroundTests;
			productReference = 86E2AE9F190796AA0050DF8B /* sectionBackgroundTests.xctest */;
			productType = "com.apple.product-type.bundle.unit-test";
		};
/* End PBXNativeTarget section */

/* Begin PBXProject section */
		86E2AE73190796A90050DF8B /* Project object */ = {
			isa = PBXProject;
			attributes = {
				CLASSPREFIX = GSK;
				LastUpgradeCheck = 0510;
				ORGANIZATIONNAME = gskbyte;
				TargetAttributes = {
					86E2AE9E190796AA0050DF8B = {
						TestTargetID = 86E2AE7A190796A90050DF8B;
					};
				};
			};
			buildConfigurationList = 86E2AE76190796A90050DF8B /* Build configuration list for PBXProject "sectionBackground" */;
			compatibilityVersion = "Xcode 3.2";
			developmentRegion = English;
			hasScannedForEncodings = 0;
			knownRegions = (
				en,
				Base,
			);
			mainGroup = 86E2AE72190796A90050DF8B;
			productRefGroup = 86E2AE7C190796A90050DF8B /* Products */;
			projectDirPath = "";
			projectRoot = "";
			targets = (
				86E2AE7A190796A90050DF8B /* sectionBackground */,
				86E2AE9E190796AA0050DF8B /* sectionBackgroundTests */,
			);
		};
/* End PBXProject section */

/* Begin PBXResourcesBuildPhase section */
		86E2AE79190796A90050DF8B /* Resources */ = {
			isa = PBXResourcesBuildPhase;
			buildActionMask = 2147483647;
			files = (
				86E2AE9A190796AA0050DF8B /* Images.xcassets in Resources */,
				86E2AE89190796A90050DF8B /* InfoPlist.strings in Resources */,
				86E2AE92190796AA0050DF8B /* Main.storyboard in Resources */,
			);
			runOnlyForDeploymentPostprocessing = 0;
		};
		86E2AE9D190796AA0050DF8B /* Resources */ = {
			isa = PBXResourcesBuildPhase;
			buildActionMask = 2147483647;
			files = (
				86E2AEAB190796AA0050DF8B /* InfoPlist.strings in Resources */,
			);
			runOnlyForDeploymentPostprocessing = 0;
		};
/* End PBXResourcesBuildPhase section */

/* Begin PBXSourcesBuildPhase section */
		86E2AE77190796A90050DF8B /* Sources */ = {
			isa = PBXSourcesBuildPhase;
			buildActionMask = 2147483647;
			files = (
				86E2AEBB19079C880050DF8B /* GSKSectionBackgroundFlowLayout.m in Sources */,
				86E2AE8F190796A90050DF8B /* GSKAppDelegate.m in Sources */,
				86E2AE95190796AA0050DF8B /* GSKMasterViewController.m in Sources */,
				86E2AEBE19079CD60050DF8B /* GSKSectionBackground.m in Sources */,
				86E2AEB819079C6B0050DF8B /* GSKCell.m in Sources */,
				86E2AE8B190796A90050DF8B /* main.m in Sources */,
			);
			runOnlyForDeploymentPostprocessing = 0;
		};
		86E2AE9B190796AA0050DF8B /* Sources */ = {
			isa = PBXSourcesBuildPhase;
			buildActionMask = 2147483647;
			files = (
				86E2AEAD190796AA0050DF8B /* sectionBackgroundTests.m in Sources */,
			);
			runOnlyForDeploymentPostprocessing = 0;
		};
/* End PBXSourcesBuildPhase section */

/* Begin PBXTargetDependency section */
		86E2AEA5190796AA0050DF8B /* PBXTargetDependency */ = {
			isa = PBXTargetDependency;
			target = 86E2AE7A190796A90050DF8B /* sectionBackground */;
			targetProxy = 86E2AEA4190796AA0050DF8B /* PBXContainerItemProxy */;
		};
/* End PBXTargetDependency section */

/* Begin PBXVariantGroup section */
		86E2AE87190796A90050DF8B /* InfoPlist.strings */ = {
			isa = PBXVariantGroup;
			children = (
				86E2AE88190796A90050DF8B /* en */,
			);
			name = InfoPlist.strings;
			sourceTree = "<group>";
		};
		86E2AE90190796AA0050DF8B /* Main.storyboard */ = {
			isa = PBXVariantGroup;
			children = (
				86E2AE91190796AA0050DF8B /* Base */,
			);
			name = Main.storyboard;
			sourceTree = "<group>";
		};
		86E2AEA9190796AA0050DF8B /* InfoPlist.strings */ = {
			isa = PBXVariantGroup;
			children = (
				86E2AEAA190796AA0050DF8B /* en */,
			);
			name = InfoPlist.strings;
			sourceTree = "<group>";
		};
/* End PBXVariantGroup section */

/* Begin XCBuildConfiguration section */
		86E2AEAE190796AA0050DF8B /* Debug */ = {
			isa = XCBuildConfiguration;
			buildSettings = {
				ALWAYS_SEARCH_USER_PATHS = NO;
				CLANG_CXX_LANGUAGE_STANDARD = "gnu++0x";
				CLANG_CXX_LIBRARY = "libc++";
				CLANG_ENABLE_MODULES = YES;
				CLANG_ENABLE_OBJC_ARC = YES;
				CLANG_WARN_BOOL_CONVERSION = YES;
				CLANG_WARN_CONSTANT_CONVERSION = YES;
				CLANG_WARN_DIRECT_OBJC_ISA_USAGE = YES_ERROR;
				CLANG_WARN_EMPTY_BODY = YES;
				CLANG_WARN_ENUM_CONVERSION = YES;
				CLANG_WARN_INT_CONVERSION = YES;
				CLANG_WARN_OBJC_ROOT_CLASS = YES_ERROR;
				CLANG_WARN__DUPLICATE_METHOD_MATCH = YES;
				"CODE_SIGN_IDENTITY[sdk=iphoneos*]" = "iPhone Developer";
				COPY_PHASE_STRIP = NO;
				GCC_C_LANGUAGE_STANDARD = gnu99;
				GCC_DYNAMIC_NO_PIC = NO;
				GCC_OPTIMIZATION_LEVEL = 0;
				GCC_PREPROCESSOR_DEFINITIONS = (
					"DEBUG=1",
					"$(inherited)",
				);
				GCC_SYMBOLS_PRIVATE_EXTERN = NO;
				GCC_WARN_64_TO_32_BIT_CONVERSION = YES;
				GCC_WARN_ABOUT_RETURN_TYPE = YES_ERROR;
				GCC_WARN_UNDECLARED_SELECTOR = YES;
				GCC_WARN_UNINITIALIZED_AUTOS = YES_AGGRESSIVE;
				GCC_WARN_UNUSED_FUNCTION = YES;
				GCC_WARN_UNUSED_VARIABLE = YES;
				IPHONEOS_DEPLOYMENT_TARGET = 7.1;
				ONLY_ACTIVE_ARCH = YES;
				SDKROOT = iphoneos;
			};
			name = Debug;
		};
		86E2AEAF190796AA0050DF8B /* Release */ = {
			isa = XCBuildConfiguration;
			buildSettings = {
				ALWAYS_SEARCH_USER_PATHS = NO;
				CLANG_CXX_LANGUAGE_STANDARD = "gnu++0x";
				CLANG_CXX_LIBRARY = "libc++";
				CLANG_ENABLE_MODULES = YES;
				CLANG_ENABLE_OBJC_ARC = YES;
				CLANG_WARN_BOOL_CONVERSION = YES;
				CLANG_WARN_CONSTANT_CONVERSION = YES;
				CLANG_WARN_DIRECT_OBJC_ISA_USAGE = YES_ERROR;
				CLANG_WARN_EMPTY_BODY = YES;
				CLANG_WARN_ENUM_CONVERSION = YES;
				CLANG_WARN_INT_CONVERSION = YES;
				CLANG_WARN_OBJC_ROOT_CLASS = YES_ERROR;
				CLANG_WARN__DUPLICATE_METHOD_MATCH = YES;
				"CODE_SIGN_IDENTITY[sdk=iphoneos*]" = "iPhone Developer";
				COPY_PHASE_STRIP = YES;
				ENABLE_NS_ASSERTIONS = NO;
				GCC_C_LANGUAGE_STANDARD = gnu99;
				GCC_WARN_64_TO_32_BIT_CONVERSION = YES;
				GCC_WARN_ABOUT_RETURN_TYPE = YES_ERROR;
				GCC_WARN_UNDECLARED_SELECTOR = YES;
				GCC_WARN_UNINITIALIZED_AUTOS = YES_AGGRESSIVE;
				GCC_WARN_UNUSED_FUNCTION = YES;
				GCC_WARN_UNUSED_VARIABLE = YES;
				IPHONEOS_DEPLOYMENT_TARGET = 7.1;
				SDKROOT = iphoneos;
				VALIDATE_PRODUCT = YES;
			};
			name = Release;
		};
		86E2AEB1190796AA0050DF8B /* Debug */ = {
			isa = XCBuildConfiguration;
			buildSettings = {
				ASSETCATALOG_COMPILER_APPICON_NAME = AppIcon;
				ASSETCATALOG_COMPILER_LAUNCHIMAGE_NAME = LaunchImage;
				GCC_PRECOMPILE_PREFIX_HEADER = YES;
				GCC_PREFIX_HEADER = "sectionBackground/sectionBackground-Prefix.pch";
				INFOPLIST_FILE = "sectionBackground/sectionBackground-Info.plist";
				PRODUCT_NAME = "$(TARGET_NAME)";
				WRAPPER_EXTENSION = app;
			};
			name = Debug;
		};
		86E2AEB2190796AA0050DF8B /* Release */ = {
			isa = XCBuildConfiguration;
			buildSettings = {
				ASSETCATALOG_COMPILER_APPICON_NAME = AppIcon;
				ASSETCATALOG_COMPILER_LAUNCHIMAGE_NAME = LaunchImage;
				GCC_PRECOMPILE_PREFIX_HEADER = YES;
				GCC_PREFIX_HEADER = "sectionBackground/sectionBackground-Prefix.pch";
				INFOPLIST_FILE = "sectionBackground/sectionBackground-Info.plist";
				PRODUCT_NAME = "$(TARGET_NAME)";
				WRAPPER_EXTENSION = app;
			};
			name = Release;
		};
		86E2AEB4190796AA0050DF8B /* Debug */ = {
			isa = XCBuildConfiguration;
			buildSettings = {
				BUNDLE_LOADER = "$(BUILT_PRODUCTS_DIR)/sectionBackground.app/sectionBackground";
				FRAMEWORK_SEARCH_PATHS = (
					"$(SDKROOT)/Developer/Library/Frameworks",
					"$(inherited)",
					"$(DEVELOPER_FRAMEWORKS_DIR)",
				);
				GCC_PRECOMPILE_PREFIX_HEADER = YES;
				GCC_PREFIX_HEADER = "sectionBackground/sectionBackground-Prefix.pch";
				GCC_PREPROCESSOR_DEFINITIONS = (
					"DEBUG=1",
					"$(inherited)",
				);
				INFOPLIST_FILE = "sectionBackgroundTests/sectionBackgroundTests-Info.plist";
				PRODUCT_NAME = "$(TARGET_NAME)";
				TEST_HOST = "$(BUNDLE_LOADER)";
				WRAPPER_EXTENSION = xctest;
			};
			name = Debug;
		};
		86E2AEB5190796AA0050DF8B /* Release */ = {
			isa = XCBuildConfiguration;
			buildSettings = {
				BUNDLE_LOADER = "$(BUILT_PRODUCTS_DIR)/sectionBackground.app/sectionBackground";
				FRAMEWORK_SEARCH_PATHS = (
					"$(SDKROOT)/Developer/Library/Frameworks",
					"$(inherited)",
					"$(DEVELOPER_FRAMEWORKS_DIR)",
				);
				GCC_PRECOMPILE_PREFIX_HEADER = YES;
				GCC_PREFIX_HEADER = "sectionBackground/sectionBackground-Prefix.pch";
				INFOPLIST_FILE = "sectionBackgroundTests/sectionBackgroundTests-Info.plist";
				PRODUCT_NAME = "$(TARGET_NAME)";
				TEST_HOST = "$(BUNDLE_LOADER)";
				WRAPPER_EXTENSION = xctest;
			};
			name = Release;
		};
/* End XCBuildConfiguration section */

/* Begin XCConfigurationList section */
		86E2AE76190796A90050DF8B /* Build configuration list for PBXProject "sectionBackground" */ = {
			isa = XCConfigurationList;
			buildConfigurations = (
				86E2AEAE190796AA0050DF8B /* Debug */,
				86E2AEAF190796AA0050DF8B /* Release */,
			);
			defaultConfigurationIsVisible = 0;
			defaultConfigurationName = Release;
		};
		86E2AEB0190796AA0050DF8B /* Build configuration list for PBXNativeTarget "sectionBackground" */ = {
			isa = XCConfigurationList;
			buildConfigurations = (
				86E2AEB1190796AA0050DF8B /* Debug */,
				86E2AEB2190796AA0050DF8B /* Release */,
			);
			defaultConfigurationIsVisible = 0;
		};
		86E2AEB3190796AA0050DF8B /* Build configuration list for PBXNativeTarget "sectionBackgroundTests" */ = {
			isa = XCConfigurationList;
			buildConfigurations = (
				86E2AEB4190796AA0050DF8B /* Debug */,
				86E2AEB5190796AA0050DF8B /* Release */,
			);
			defaultConfigurationIsVisible = 0;
		};
/* End XCConfigurationList section */
	};
	rootObject = 86E2AE73190796A90050DF8B /* Project object */;
}
